<?xml version="1.0" encoding="UTF-8" standalone="yes" ?>
<CodeBlocks_project_file>
	<FileVersion major="1" minor="6" />
	<Project>
		<Option title="LinearchExt" />
		<Option pch_mode="2" />
		<Option compiler="gcc" />
		<Build>
			<Target title="Debug">
				<Option output="bin/Debug/LinearchExt" prefix_auto="1" extension_auto="1" />
				<Option working_dir="" />
				<Option object_output="obj/Debug/" />
				<Option type="2" />
				<Option compiler="gcc" />
				<Option createDefFile="1" />
				<Compiler>
					<Add option="-Wall" />
					<Add option="-g" />
				</Compiler>
			</Target>
			<Target title="Release">
				<Option output="bin/Release/LinearchExt" prefix_auto="1" extension_auto="1" />
				<Option working_dir="" />
				<Option object_output="obj/Release/" />
				<Option type="2" />
				<Option compiler="gcc" />
				<Option createDefFile="1" />
				<Compiler>
					<Add option="-Wall" />
					<Add option="-O2" />
				</Compiler>
				<Linker>
					<Add option="-s" />
				</Linker>
			</Target>
		</Build>
		<Unit filename="Camera.cpp" />
		<Unit filename="Camera.hpp" />
		<Unit filename="Collider.cpp" />
		<Unit filename="Collider.hpp" />
		<Unit filename="Component.cpp" />
		<Unit filename="Component.hpp" />
		<Unit filename="GameObject.cpp">
			<Option compilerVar="CC" />
		</Unit>
		<Unit filename="GameObject.hpp" />
		<Unit filename="Renderer.cpp" />
		<Unit filename="Renderer.hpp" />
		<Unit filename="Rigidbody.cpp" />
		<Unit filename="Rigidbody.hpp" />
		<Unit filename="Transform.cpp" />
		<Unit filename="Transform.hpp" />
		<Unit filename="Vector2.cpp" />
		<Unit filename="Vector2.hpp" />
		<Extensions>
			<lib_finder disable_auto="1" />
		</Extensions>
	</Project>
</CodeBlocks_project_file>
